
Microsoft Visual Studio Solution File, Format Version 12.00
# Visual Studio Version 16
VisualStudioVersion = 16.0.31129.286
MinimumVisualStudioVersion = 10.0.40219.1
Project("{9A19103F-16F7-4668-BE54-9A1E7A4F7556}") = "Capaldi and the Caldron", "Capaldi and the Caldron.csproj", "{40C3D696-9F73-42F2-9BFD-6AF030E6F450}"
EndProject
Project("{FAE04EC0-301F-11D3-BF4B-00C04F79EFBC}") = "Capaldi and the CaldronTests", "..\Capaldi and the CaldronTests\Capaldi and the CaldronTests.csproj", "{02366403-F210-4675-ACBB-BA17F7628980}"
EndProject
Global
	GlobalSection(SolutionConfigurationPlatforms) = preSolution
		Debug|Any CPU = Debug|Any CPU
		ExportDebug|Any CPU = ExportDebug|Any CPU
		ExportRelease|Any CPU = ExportRelease|Any CPU
		Release|Any CPU = Release|Any CPU
	EndGlobalSection
	GlobalSection(ProjectConfigurationPlatforms) = postSolution
		{40C3D696-9F73-42F2-9BFD-6AF030E6F450}.Debug|Any CPU.ActiveCfg = Debug|Any CPU
		{40C3D696-9F73-42F2-9BFD-6AF030E6F450}.Debug|Any CPU.Build.0 = Debug|Any CPU
		{40C3D696-9F73-42F2-9BFD-6AF030E6F450}.ExportDebug|Any CPU.ActiveCfg = ExportDebug|Any CPU
		{40C3D696-9F73-42F2-9BFD-6AF030E6F450}.ExportDebug|Any CPU.Build.0 = ExportDebug|Any CPU
		{40C3D696-9F73-42F2-9BFD-6AF030E6F450}.ExportRelease|Any CPU.ActiveCfg = ExportRelease|Any CPU
		{40C3D696-9F73-42F2-9BFD-6AF030E6F450}.ExportRelease|Any CPU.Build.0 = ExportRelease|Any CPU
		{40C3D696-9F73-42F2-9BFD-6AF030E6F450}.Release|Any CPU.ActiveCfg = ExportRelease|Any CPU
		{40C3D696-9F73-42F2-9BFD-6AF030E6F450}.Release|Any CPU.Build.0 = ExportRelease|Any CPU
		{02366403-F210-4675-ACBB-BA17F7628980}.Debug|Any CPU.ActiveCfg = Debug|Any CPU
		{02366403-F210-4675-ACBB-BA17F7628980}.Debug|Any CPU.Build.0 = Debug|Any CPU
		{02366403-F210-4675-ACBB-BA17F7628980}.ExportDebug|Any CPU.ActiveCfg = Debug|Any CPU
		{02366403-F210-4675-ACBB-BA17F7628980}.ExportDebug|Any CPU.Build.0 = Debug|Any CPU
		{02366403-F210-4675-ACBB-BA17F7628980}.ExportRelease|Any CPU.ActiveCfg = Release|Any CPU
		{02366403-F210-4675-ACBB-BA17F7628980}.ExportRelease|Any CPU.Build.0 = Release|Any CPU
		{02366403-F210-4675-ACBB-BA17F7628980}.Release|Any CPU.ActiveCfg = Release|Any CPU
		{02366403-F210-4675-ACBB-BA17F7628980}.Release|Any CPU.Build.0 = Release|Any CPU
	EndGlobalSection
	GlobalSection(SolutionProperties) = preSolution
		HideSolutionNode = FALSE
	EndGlobalSection
	GlobalSection(ExtensibilityGlobals) = postSolution
		SolutionGuid = {51A69254-A1BB-45DF-ADF2-B1A3D27B96CF}
	EndGlobalSection
EndGlobal
